// !$*UTF8*$!
{
	archiveVersion = 1;
	classes = {
	};
	objectVersion = 56;
	objects = {

/* Begin PBXBuildFile section */
		9E0B94EA2B2AC4CE00786E48 /* AppDelegate.swift in Sources */ = {isa = PBXBuildFile; fileRef = 9E0B94E92B2AC4CE00786E48 /* AppDelegate.swift */; };
		9E0B94EC2B2AC4CE00786E48 /* SceneDelegate.swift in Sources */ = {isa = PBXBuildFile; fileRef = 9E0B94EB2B2AC4CE00786E48 /* SceneDelegate.swift */; };
		9E0B94EE2B2AC4CE00786E48 /* ViewController.swift in Sources */ = {isa = PBXBuildFile; fileRef = 9E0B94ED2B2AC4CE00786E48 /* ViewController.swift */; };
		9E0B94F32B2AC4CF00786E48 /* Assets.xcassets in Resources */ = {isa = PBXBuildFile; fileRef = 9E0B94F22B2AC4CF00786E48 /* Assets.xcassets */; };
		9E0B94F62B2AC4CF00786E48 /* LaunchScreen.storyboard in Resources */ = {isa = PBXBuildFile; fileRef = 9E0B94F42B2AC4CF00786E48 /* LaunchScreen.storyboard */; };
		9E0B94FF2B2AC50F00786E48 /* FirebaseAnalytics in Frameworks */ = {isa = PBXBuildFile; productRef = 9E0B94FE2B2AC50F00786E48 /* FirebaseAnalytics */; };
		9E0B95012B2AC50F00786E48 /* FirebaseAnalyticsOnDeviceConversion in Frameworks */ = {isa = PBXBuildFile; productRef = 9E0B95002B2AC50F00786E48 /* FirebaseAnalyticsOnDeviceConversion */; };
		9E0B95032B2AC50F00786E48 /* FirebaseAnalyticsSwift in Frameworks */ = {isa = PBXBuildFile; productRef = 9E0B95022B2AC50F00786E48 /* FirebaseAnalyticsSwift */; };
		9E0B95052B2AC50F00786E48 /* FirebaseAnalyticsWithoutAdIdSupport in Frameworks */ = {isa = PBXBuildFile; productRef = 9E0B95042B2AC50F00786E48 /* FirebaseAnalyticsWithoutAdIdSupport */; };
		9E0B95072B2AC50F00786E48 /* FirebaseAppCheck in Frameworks */ = {isa = PBXBuildFile; productRef = 9E0B95062B2AC50F00786E48 /* FirebaseAppCheck */; };
		9E0B95092B2AC50F00786E48 /* FirebaseAppDistribution-Beta in Frameworks */ = {isa = PBXBuildFile; productRef = 9E0B95082B2AC50F00786E48 /* FirebaseAppDistribution-Beta */; };
		9E0B950B2B2AC50F00786E48 /* FirebaseAuth in Frameworks */ = {isa = PBXBuildFile; productRef = 9E0B950A2B2AC50F00786E48 /* FirebaseAuth */; };
		9E0B950D2B2AC50F00786E48 /* FirebaseAuthCombine-Community in Frameworks */ = {isa = PBXBuildFile; productRef = 9E0B950C2B2AC50F00786E48 /* FirebaseAuthCombine-Community */; };
		9E0B950F2B2AC50F00786E48 /* FirebaseCrashlytics in Frameworks */ = {isa = PBXBuildFile; productRef = 9E0B950E2B2AC50F00786E48 /* FirebaseCrashlytics */; };
		9E0B95112B2AC50F00786E48 /* FirebaseDatabase in Frameworks */ = {isa = PBXBuildFile; productRef = 9E0B95102B2AC50F00786E48 /* FirebaseDatabase */; };
		9E0B95132B2AC50F00786E48 /* FirebaseDatabaseSwift in Frameworks */ = {isa = PBXBuildFile; productRef = 9E0B95122B2AC50F00786E48 /* FirebaseDatabaseSwift */; };
		9E0B95152B2AC50F00786E48 /* FirebaseDynamicLinks in Frameworks */ = {isa = PBXBuildFile; productRef = 9E0B95142B2AC50F00786E48 /* FirebaseDynamicLinks */; };
		9E0B95172B2AC50F00786E48 /* FirebaseFirestore in Frameworks */ = {isa = PBXBuildFile; productRef = 9E0B95162B2AC50F00786E48 /* FirebaseFirestore */; };
		9E0B95192B2AC50F00786E48 /* FirebaseFirestoreCombine-Community in Frameworks */ = {isa = PBXBuildFile; productRef = 9E0B95182B2AC50F00786E48 /* FirebaseFirestoreCombine-Community */; };
		9E0B951B2B2AC50F00786E48 /* FirebaseFirestoreSwift in Frameworks */ = {isa = PBXBuildFile; productRef = 9E0B951A2B2AC50F00786E48 /* FirebaseFirestoreSwift */; };
		9E0B951D2B2AC50F00786E48 /* FirebaseFunctions in Frameworks */ = {isa = PBXBuildFile; productRef = 9E0B951C2B2AC50F00786E48 /* FirebaseFunctions */; };
		9E0B951F2B2AC50F00786E48 /* FirebaseFunctionsCombine-Community in Frameworks */ = {isa = PBXBuildFile; productRef = 9E0B951E2B2AC50F00786E48 /* FirebaseFunctionsCombine-Community */; };
		9E0B95212B2AC50F00786E48 /* FirebaseInAppMessaging-Beta in Frameworks */ = {isa = PBXBuildFile; productRef = 9E0B95202B2AC50F00786E48 /* FirebaseInAppMessaging-Beta */; };
		9E0B95232B2AC50F00786E48 /* FirebaseInAppMessagingSwift-Beta in Frameworks */ = {isa = PBXBuildFile; productRef = 9E0B95222B2AC50F00786E48 /* FirebaseInAppMessagingSwift-Beta */; };
		9E0B95252B2AC50F00786E48 /* FirebaseInstallations in Frameworks */ = {isa = PBXBuildFile; productRef = 9E0B95242B2AC50F00786E48 /* FirebaseInstallations */; };
		9E0B95272B2AC50F00786E48 /* FirebaseMLModelDownloader in Frameworks */ = {isa = PBXBuildFile; productRef = 9E0B95262B2AC50F00786E48 /* FirebaseMLModelDownloader */; };
		9E0B95292B2AC50F00786E48 /* FirebaseMessaging in Frameworks */ = {isa = PBXBuildFile; productRef = 9E0B95282B2AC50F00786E48 /* FirebaseMessaging */; };
		9E0B952B2B2AC50F00786E48 /* FirebasePerformance in Frameworks */ = {isa = PBXBuildFile; productRef = 9E0B952A2B2AC50F00786E48 /* FirebasePerformance */; };
		9E0B952D2B2AC50F00786E48 /* FirebaseRemoteConfig in Frameworks */ = {isa = PBXBuildFile; productRef = 9E0B952C2B2AC50F00786E48 /* FirebaseRemoteConfig */; };
		9E0B952F2B2AC50F00786E48 /* FirebaseRemoteConfigSwift in Frameworks */ = {isa = PBXBuildFile; productRef = 9E0B952E2B2AC50F00786E48 /* FirebaseRemoteConfigSwift */; };
		9E0B95312B2AC50F00786E48 /* FirebaseStorage in Frameworks */ = {isa = PBXBuildFile; productRef = 9E0B95302B2AC50F00786E48 /* FirebaseStorage */; };
		9E0B95332B2AC50F00786E48 /* FirebaseStorageCombine-Community in Frameworks */ = {isa = PBXBuildFile; productRef = 9E0B95322B2AC50F00786E48 /* FirebaseStorageCombine-Community */; };
		9E0B95362B2AC52B00786E48 /* SDWebImage in Frameworks */ = {isa = PBXBuildFile; productRef = 9E0B95352B2AC52B00786E48 /* SDWebImage */; };
		9E0B95382B2AC52B00786E48 /* SDWebImageMapKit in Frameworks */ = {isa = PBXBuildFile; productRef = 9E0B95372B2AC52B00786E48 /* SDWebImageMapKit */; };
		9E0B953C2B2AC77F00786E48 /* GoogleService-Info.plist in Resources */ = {isa = PBXBuildFile; fileRef = 9E0B953B2B2AC77F00786E48 /* GoogleService-Info.plist */; };
		9E0B953F2B2AEC1700786E48 /* AuthManager.swift in Sources */ = {isa = PBXBuildFile; fileRef = 9E0B953E2B2AEC1700786E48 /* AuthManager.swift */; };
/* End PBXBuildFile section */

/* Begin PBXFileReference section */
		9E0B94E62B2AC4CE00786E48 /* LifeAlbumBook.app */ = {isa = PBXFileReference; explicitFileType = wrapper.application; includeInIndex = 0; path = LifeAlbumBook.app; sourceTree = BUILT_PRODUCTS_DIR; };
		9E0B94E92B2AC4CE00786E48 /* AppDelegate.swift */ = {isa = PBXFileReference; lastKnownFileType = sourcecode.swift; path = AppDelegate.swift; sourceTree = "<group>"; };
		9E0B94EB2B2AC4CE00786E48 /* SceneDelegate.swift */ = {isa = PBXFileReference; lastKnownFileType = sourcecode.swift; path = SceneDelegate.swift; sourceTree = "<group>"; };
		9E0B94ED2B2AC4CE00786E48 /* ViewController.swift */ = {isa = PBXFileReference; lastKnownFileType = sourcecode.swift; path = ViewController.swift; sourceTree = "<group>"; };
		9E0B94F22B2AC4CF00786E48 /* Assets.xcassets */ = {isa = PBXFileReference; lastKnownFileType = folder.assetcatalog; path = Assets.xcassets; sourceTree = "<group>"; };
		9E0B94F52B2AC4CF00786E48 /* Base */ = {isa = PBXFileReference; lastKnownFileType = file.storyboard; name = Base; path = Base.lproj/LaunchScreen.storyboard; sourceTree = "<group>"; };
		9E0B94F72B2AC4CF00786E48 /* Info.plist */ = {isa = PBXFileReference; lastKnownFileType = text.plist.xml; path = Info.plist; sourceTree = "<group>"; };
		9E0B953B2B2AC77F00786E48 /* GoogleService-Info.plist */ = {isa = PBXFileReference; fileEncoding = 4; lastKnownFileType = text.plist.xml; path = "GoogleService-Info.plist"; sourceTree = "<group>"; };
		9E0B953E2B2AEC1700786E48 /* AuthManager.swift */ = {isa = PBXFileReference; lastKnownFileType = sourcecode.swift; path = AuthManager.swift; sourceTree = "<group>"; };
/* End PBXFileReference section */

/* Begin PBXFrameworksBuildPhase section */
		9E0B94E32B2AC4CE00786E48 /* Frameworks */ = {
			isa = PBXFrameworksBuildPhase;
			buildActionMask = 2147483647;
			files = (
				9E0B95382B2AC52B00786E48 /* SDWebImageMapKit in Frameworks */,
				9E0B95112B2AC50F00786E48 /* FirebaseDatabase in Frameworks */,
				9E0B951F2B2AC50F00786E48 /* FirebaseFunctionsCombine-Community in Frameworks */,
				9E0B95172B2AC50F00786E48 /* FirebaseFirestore in Frameworks */,
				9E0B95032B2AC50F00786E48 /* FirebaseAnalyticsSwift in Frameworks */,
				9E0B94FF2B2AC50F00786E48 /* FirebaseAnalytics in Frameworks */,
				9E0B95012B2AC50F00786E48 /* FirebaseAnalyticsOnDeviceConversion in Frameworks */,
				9E0B95272B2AC50F00786E48 /* FirebaseMLModelDownloader in Frameworks */,
				9E0B951B2B2AC50F00786E48 /* FirebaseFirestoreSwift in Frameworks */,
				9E0B95072B2AC50F00786E48 /* FirebaseAppCheck in Frameworks */,
				9E0B95052B2AC50F00786E48 /* FirebaseAnalyticsWithoutAdIdSupport in Frameworks */,
				9E0B95362B2AC52B00786E48 /* SDWebImage in Frameworks */,
				9E0B950B2B2AC50F00786E48 /* FirebaseAuth in Frameworks */,
				9E0B950F2B2AC50F00786E48 /* FirebaseCrashlytics in Frameworks */,
				9E0B952F2B2AC50F00786E48 /* FirebaseRemoteConfigSwift in Frameworks */,
				9E0B95212B2AC50F00786E48 /* FirebaseInAppMessaging-Beta in Frameworks */,
				9E0B95132B2AC50F00786E48 /* FirebaseDatabaseSwift in Frameworks */,
				9E0B951D2B2AC50F00786E48 /* FirebaseFunctions in Frameworks */,
				9E0B95332B2AC50F00786E48 /* FirebaseStorageCombine-Community in Frameworks */,
				9E0B952D2B2AC50F00786E48 /* FirebaseRemoteConfig in Frameworks */,
				9E0B95092B2AC50F00786E48 /* FirebaseAppDistribution-Beta in Frameworks */,
				9E0B950D2B2AC50F00786E48 /* FirebaseAuthCombine-Community in Frameworks */,
				9E0B952B2B2AC50F00786E48 /* FirebasePerformance in Frameworks */,
				9E0B95232B2AC50F00786E48 /* FirebaseInAppMessagingSwift-Beta in Frameworks */,
				9E0B95312B2AC50F00786E48 /* FirebaseStorage in Frameworks */,
				9E0B95152B2AC50F00786E48 /* FirebaseDynamicLinks in Frameworks */,
				9E0B95192B2AC50F00786E48 /* FirebaseFirestoreCombine-Community in Frameworks */,
				9E0B95292B2AC50F00786E48 /* FirebaseMessaging in Frameworks */,
				9E0B95252B2AC50F00786E48 /* FirebaseInstallations in Frameworks */,
			);
			runOnlyForDeploymentPostprocessing = 0;
		};
/* End PBXFrameworksBuildPhase section */

/* Begin PBXGroup section */
		9E0B94DD2B2AC4CE00786E48 = {
			isa = PBXGroup;
			children = (
				9E0B94E82B2AC4CE00786E48 /* LifeAlbumBook */,
				9E0B94E72B2AC4CE00786E48 /* Products */,
			);
			sourceTree = "<group>";
		};
		9E0B94E72B2AC4CE00786E48 /* Products */ = {
			isa = PBXGroup;
			children = (
				9E0B94E62B2AC4CE00786E48 /* LifeAlbumBook.app */,
			);
			name = Products;
			sourceTree = "<group>";
		};
		9E0B94E82B2AC4CE00786E48 /* LifeAlbumBook */ = {
			isa = PBXGroup;
			children = (
				9E0B953D2B2AC88600786E48 /* Managers */,
				9E0B94E92B2AC4CE00786E48 /* AppDelegate.swift */,
				9E0B94EB2B2AC4CE00786E48 /* SceneDelegate.swift */,
				9E0B94ED2B2AC4CE00786E48 /* ViewController.swift */,
				9E0B94F22B2AC4CF00786E48 /* Assets.xcassets */,
				9E0B94F42B2AC4CF00786E48 /* LaunchScreen.storyboard */,
				9E0B94F72B2AC4CF00786E48 /* Info.plist */,
				9E0B953B2B2AC77F00786E48 /* GoogleService-Info.plist */,
			);
			path = LifeAlbumBook;
			sourceTree = "<group>";
		};
		9E0B953D2B2AC88600786E48 /* Managers */ = {
			isa = PBXGroup;
			children = (
				9E0B953E2B2AEC1700786E48 /* AuthManager.swift */,
			);
			path = Managers;
			sourceTree = "<group>";
		};
/* End PBXGroup section */

/* Begin PBXNativeTarget section */
		9E0B94E52B2AC4CE00786E48 /* LifeAlbumBook */ = {
			isa = PBXNativeTarget;
			buildConfigurationList = 9E0B94FA2B2AC4CF00786E48 /* Build configuration list for PBXNativeTarget "LifeAlbumBook" */;
			buildPhases = (
				9E0B94E22B2AC4CE00786E48 /* Sources */,
				9E0B94E32B2AC4CE00786E48 /* Frameworks */,
				9E0B94E42B2AC4CE00786E48 /* Resources */,
			);
			buildRules = (
			);
			dependencies = (
			);
			name = LifeAlbumBook;
			packageProductDependencies = (
				9E0B94FE2B2AC50F00786E48 /* FirebaseAnalytics */,
				9E0B95002B2AC50F00786E48 /* FirebaseAnalyticsOnDeviceConversion */,
				9E0B95022B2AC50F00786E48 /* FirebaseAnalyticsSwift */,
				9E0B95042B2AC50F00786E48 /* FirebaseAnalyticsWithoutAdIdSupport */,
				9E0B95062B2AC50F00786E48 /* FirebaseAppCheck */,
				9E0B95082B2AC50F00786E48 /* FirebaseAppDistribution-Beta */,
				9E0B950A2B2AC50F00786E48 /* FirebaseAuth */,
				9E0B950C2B2AC50F00786E48 /* FirebaseAuthCombine-Community */,
				9E0B950E2B2AC50F00786E48 /* FirebaseCrashlytics */,
				9E0B95102B2AC50F00786E48 /* FirebaseDatabase */,
				9E0B95122B2AC50F00786E48 /* FirebaseDatabaseSwift */,
				9E0B95142B2AC50F00786E48 /* FirebaseDynamicLinks */,
				9E0B95162B2AC50F00786E48 /* FirebaseFirestore */,
				9E0B95182B2AC50F00786E48 /* FirebaseFirestoreCombine-Community */,
				9E0B951A2B2AC50F00786E48 /* FirebaseFirestoreSwift */,
				9E0B951C2B2AC50F00786E48 /* FirebaseFunctions */,
				9E0B951E2B2AC50F00786E48 /* FirebaseFunctionsCombine-Community */,
				9E0B95202B2AC50F00786E48 /* FirebaseInAppMessaging-Beta */,
				9E0B95222B2AC50F00786E48 /* FirebaseInAppMessagingSwift-Beta */,
				9E0B95242B2AC50F00786E48 /* FirebaseInstallations */,
				9E0B95262B2AC50F00786E48 /* FirebaseMLModelDownloader */,
				9E0B95282B2AC50F00786E48 /* FirebaseMessaging */,
				9E0B952A2B2AC50F00786E48 /* FirebasePerformance */,
				9E0B952C2B2AC50F00786E48 /* FirebaseRemoteConfig */,
				9E0B952E2B2AC50F00786E48 /* FirebaseRemoteConfigSwift */,
				9E0B95302B2AC50F00786E48 /* FirebaseStorage */,
				9E0B95322B2AC50F00786E48 /* FirebaseStorageCombine-Community */,
				9E0B95352B2AC52B00786E48 /* SDWebImage */,
				9E0B95372B2AC52B00786E48 /* SDWebImageMapKit */,
			);
			productName = LifeAlbumBook;
			productReference = 9E0B94E62B2AC4CE00786E48 /* LifeAlbumBook.app */;
			productType = "com.apple.product-type.application";
		};
/* End PBXNativeTarget section */

/* Begin PBXProject section */
		9E0B94DE2B2AC4CE00786E48 /* Project object */ = {
			isa = PBXProject;
			attributes = {
				BuildIndependentTargetsInParallel = 1;
				LastSwiftUpdateCheck = 1500;
				LastUpgradeCheck = 1500;
				TargetAttributes = {
					9E0B94E52B2AC4CE00786E48 = {
						CreatedOnToolsVersion = 15.0.1;
					};
				};
			};
			buildConfigurationList = 9E0B94E12B2AC4CE00786E48 /* Build configuration list for PBXProject "LifeAlbumBook" */;
			compatibilityVersion = "Xcode 14.0";
			developmentRegion = en;
			hasScannedForEncodings = 0;
			knownRegions = (
				en,
				Base,
			);
			mainGroup = 9E0B94DD2B2AC4CE00786E48;
			packageReferences = (
				9E0B94FD2B2AC50F00786E48 /* XCRemoteSwiftPackageReference "firebase-ios-sdk" */,
				9E0B95342B2AC52B00786E48 /* XCRemoteSwiftPackageReference "SDWebImage" */,
			);
			productRefGroup = 9E0B94E72B2AC4CE00786E48 /* Products */;
			projectDirPath = "";
			projectRoot = "";
			targets = (
				9E0B94E52B2AC4CE00786E48 /* LifeAlbumBook */,
			);
		};
/* End PBXProject section */

/* Begin PBXResourcesBuildPhase section */
		9E0B94E42B2AC4CE00786E48 /* Resources */ = {
			isa = PBXResourcesBuildPhase;
			buildActionMask = 2147483647;
			files = (
				9E0B94F62B2AC4CF00786E48 /* LaunchScreen.storyboard in Resources */,
				9E0B953C2B2AC77F00786E48 /* GoogleService-Info.plist in Resources */,
				9E0B94F32B2AC4CF00786E48 /* Assets.xcassets in Resources */,
			);
			runOnlyForDeploymentPostprocessing = 0;
		};
/* End PBXResourcesBuildPhase section */

/* Begin PBXSourcesBuildPhase section */
		9E0B94E22B2AC4CE00786E48 /* Sources */ = {
			isa = PBXSourcesBuildPhase;
			buildActionMask = 2147483647;
			files = (
				9E0B94EE2B2AC4CE00786E48 /* ViewController.swift in Sources */,
				9E0B953F2B2AEC1700786E48 /* AuthManager.swift in Sources */,
				9E0B94EA2B2AC4CE00786E48 /* AppDelegate.swift in Sources */,
				9E0B94EC2B2AC4CE00786E48 /* SceneDelegate.swift in Sources */,
			);
			runOnlyForDeploymentPostprocessing = 0;
		};
/* End PBXSourcesBuildPhase section */

/* Begin PBXVariantGroup section */
		9E0B94F42B2AC4CF00786E48 /* LaunchScreen.storyboard */ = {
			isa = PBXVariantGroup;
			children = (
				9E0B94F52B2AC4CF00786E48 /* Base */,
			);
			name = LaunchScreen.storyboard;
			sourceTree = "<group>";
		};
/* End PBXVariantGroup section */

/* Begin XCBuildConfiguration section */
		9E0B94F82B2AC4CF00786E48 /* Debug */ = {
			isa = XCBuildConfiguration;
			buildSettings = {
				ALWAYS_SEARCH_USER_PATHS = NO;
				ASSETCATALOG_COMPILER_GENERATE_SWIFT_ASSET_SYMBOL_EXTENSIONS = YES;
				CLANG_ANALYZER_NONNULL = YES;
				CLANG_ANALYZER_NUMBER_OBJECT_CONVERSION = YES_AGGRESSIVE;
				CLANG_CXX_LANGUAGE_STANDARD = "gnu++20";
				CLANG_ENABLE_MODULES = YES;
				CLANG_ENABLE_OBJC_ARC = YES;
				CLANG_ENABLE_OBJC_WEAK = YES;
				CLANG_WARN_BLOCK_CAPTURE_AUTORELEASING = YES;
				CLANG_WARN_BOOL_CONVERSION = YES;
				CLANG_WARN_COMMA = YES;
				CLANG_WARN_CONSTANT_CONVERSION = YES;
				CLANG_WARN_DEPRECATED_OBJC_IMPLEMENTATIONS = YES;
				CLANG_WARN_DIRECT_OBJC_ISA_USAGE = YES_ERROR;
				CLANG_WARN_DOCUMENTATION_COMMENTS = YES;
				CLANG_WARN_EMPTY_BODY = YES;
				CLANG_WARN_ENUM_CONVERSION = YES;
				CLANG_WARN_INFINITE_RECURSION = YES;
				CLANG_WARN_INT_CONVERSION = YES;
				CLANG_WARN_NON_LITERAL_NULL_CONVERSION = YES;
				CLANG_WARN_OBJC_IMPLICIT_RETAIN_SELF = YES;
				CLANG_WARN_OBJC_LITERAL_CONVERSION = YES;
				CLANG_WARN_OBJC_ROOT_CLASS = YES_ERROR;
				CLANG_WARN_QUOTED_INCLUDE_IN_FRAMEWORK_HEADER = YES;
				CLANG_WARN_RANGE_LOOP_ANALYSIS = YES;
				CLANG_WARN_STRICT_PROTOTYPES = YES;
				CLANG_WARN_SUSPICIOUS_MOVE = YES;
				CLANG_WARN_UNGUARDED_AVAILABILITY = YES_AGGRESSIVE;
				CLANG_WARN_UNREACHABLE_CODE = YES;
				CLANG_WARN__DUPLICATE_METHOD_MATCH = YES;
				COPY_PHASE_STRIP = NO;
				DEBUG_INFORMATION_FORMAT = dwarf;
				ENABLE_STRICT_OBJC_MSGSEND = YES;
				ENABLE_TESTABILITY = YES;
				ENABLE_USER_SCRIPT_SANDBOXING = YES;
				GCC_C_LANGUAGE_STANDARD = gnu17;
				GCC_DYNAMIC_NO_PIC = NO;
				GCC_NO_COMMON_BLOCKS = YES;
				GCC_OPTIMIZATION_LEVEL = 0;
				GCC_PREPROCESSOR_DEFINITIONS = (
					"DEBUG=1",
					"$(inherited)",
				);
				GCC_WARN_64_TO_32_BIT_CONVERSION = YES;
				GCC_WARN_ABOUT_RETURN_TYPE = YES_ERROR;
				GCC_WARN_UNDECLARED_SELECTOR = YES;
				GCC_WARN_UNINITIALIZED_AUTOS = YES_AGGRESSIVE;
				GCC_WARN_UNUSED_FUNCTION = YES;
				GCC_WARN_UNUSED_VARIABLE = YES;
				IPHONEOS_DEPLOYMENT_TARGET = 16.0;
				LOCALIZATION_PREFERS_STRING_CATALOGS = YES;
				MTL_ENABLE_DEBUG_INFO = INCLUDE_SOURCE;
				MTL_FAST_MATH = YES;
				ONLY_ACTIVE_ARCH = YES;
				SDKROOT = iphoneos;
				SWIFT_ACTIVE_COMPILATION_CONDITIONS = "DEBUG $(inherited)";
				SWIFT_OPTIMIZATION_LEVEL = "-Onone";
			};
			name = Debug;
		};
		9E0B94F92B2AC4CF00786E48 /* Release */ = {
			isa = XCBuildConfiguration;
			buildSettings = {
				ALWAYS_SEARCH_USER_PATHS = NO;
				ASSETCATALOG_COMPILER_GENERATE_SWIFT_ASSET_SYMBOL_EXTENSIONS = YES;
				CLANG_ANALYZER_NONNULL = YES;
				CLANG_ANALYZER_NUMBER_OBJECT_CONVERSION = YES_AGGRESSIVE;
				CLANG_CXX_LANGUAGE_STANDARD = "gnu++20";
				CLANG_ENABLE_MODULES = YES;
				CLANG_ENABLE_OBJC_ARC = YES;
				CLANG_ENABLE_OBJC_WEAK = YES;
				CLANG_WARN_BLOCK_CAPTURE_AUTORELEASING = YES;
				CLANG_WARN_BOOL_CONVERSION = YES;
				CLANG_WARN_COMMA = YES;
				CLANG_WARN_CONSTANT_CONVERSION = YES;
				CLANG_WARN_DEPRECATED_OBJC_IMPLEMENTATIONS = YES;
				CLANG_WARN_DIRECT_OBJC_ISA_USAGE = YES_ERROR;
				CLANG_WARN_DOCUMENTATION_COMMENTS = YES;
				CLANG_WARN_EMPTY_BODY = YES;
				CLANG_WARN_ENUM_CONVERSION = YES;
				CLANG_WARN_INFINITE_RECURSION = YES;
				CLANG_WARN_INT_CONVERSION = YES;
				CLANG_WARN_NON_LITERAL_NULL_CONVERSION = YES;
				CLANG_WARN_OBJC_IMPLICIT_RETAIN_SELF = YES;
				CLANG_WARN_OBJC_LITERAL_CONVERSION = YES;
				CLANG_WARN_OBJC_ROOT_CLASS = YES_ERROR;
				CLANG_WARN_QUOTED_INCLUDE_IN_FRAMEWORK_HEADER = YES;
				CLANG_WARN_RANGE_LOOP_ANALYSIS = YES;
				CLANG_WARN_STRICT_PROTOTYPES = YES;
				CLANG_WARN_SUSPICIOUS_MOVE = YES;
				CLANG_WARN_UNGUARDED_AVAILABILITY = YES_AGGRESSIVE;
				CLANG_WARN_UNREACHABLE_CODE = YES;
				CLANG_WARN__DUPLICATE_METHOD_MATCH = YES;
				COPY_PHASE_STRIP = NO;
				DEBUG_INFORMATION_FORMAT = "dwarf-with-dsym";
				ENABLE_NS_ASSERTIONS = NO;
				ENABLE_STRICT_OBJC_MSGSEND = YES;
				ENABLE_USER_SCRIPT_SANDBOXING = YES;
				GCC_C_LANGUAGE_STANDARD = gnu17;
				GCC_NO_COMMON_BLOCKS = YES;
				GCC_WARN_64_TO_32_BIT_CONVERSION = YES;
				GCC_WARN_ABOUT_RETURN_TYPE = YES_ERROR;
				GCC_WARN_UNDECLARED_SELECTOR = YES;
				GCC_WARN_UNINITIALIZED_AUTOS = YES_AGGRESSIVE;
				GCC_WARN_UNUSED_FUNCTION = YES;
				GCC_WARN_UNUSED_VARIABLE = YES;
				IPHONEOS_DEPLOYMENT_TARGET = 16.0;
				LOCALIZATION_PREFERS_STRING_CATALOGS = YES;
				MTL_ENABLE_DEBUG_INFO = NO;
				MTL_FAST_MATH = YES;
				SDKROOT = iphoneos;
				SWIFT_COMPILATION_MODE = wholemodule;
				VALIDATE_PRODUCT = YES;
			};
			name = Release;
		};
		9E0B94FB2B2AC4CF00786E48 /* Debug */ = {
			isa = XCBuildConfiguration;
			buildSettings = {
				ASSETCATALOG_COMPILER_APPICON_NAME = AppIcon;
				ASSETCATALOG_COMPILER_GLOBAL_ACCENT_COLOR_NAME = AccentColor;
				CODE_SIGN_STYLE = Automatic;
				CURRENT_PROJECT_VERSION = 1;
				DEVELOPMENT_TEAM = KFKP37Q73C;
				GENERATE_INFOPLIST_FILE = YES;
				INFOPLIST_FILE = LifeAlbumBook/Info.plist;
				INFOPLIST_KEY_UIApplicationSupportsIndirectInputEvents = YES;
				INFOPLIST_KEY_UILaunchStoryboardName = LaunchScreen;
				INFOPLIST_KEY_UISupportedInterfaceOrientations = UIInterfaceOrientationPortrait;
				INFOPLIST_KEY_UISupportedInterfaceOrientations_iPad = "UIInterfaceOrientationLandscapeLeft UIInterfaceOrientationLandscapeRight UIInterfaceOrientationPortrait UIInterfaceOrientationPortraitUpsideDown";
				LD_RUNPATH_SEARCH_PATHS = (
					"$(inherited)",
					"@executable_path/Frameworks",
				);
				MARKETING_VERSION = 1.0;
				PRODUCT_BUNDLE_IDENTIFIER = co.khenbo.LifeAlbumBook;
				PRODUCT_NAME = "$(TARGET_NAME)";
				SWIFT_EMIT_LOC_STRINGS = YES;
				SWIFT_VERSION = 5.0;
				TARGETED_DEVICE_FAMILY = "1,2";
			};
			name = Debug;
		};
		9E0B94FC2B2AC4CF00786E48 /* Release */ = {
			isa = XCBuildConfiguration;
			buildSettings = {
				ASSETCATALOG_COMPILER_APPICON_NAME = AppIcon;
				ASSETCATALOG_COMPILER_GLOBAL_ACCENT_COLOR_NAME = AccentColor;
				CODE_SIGN_STYLE = Automatic;
				CURRENT_PROJECT_VERSION = 1;
				DEVELOPMENT_TEAM = KFKP37Q73C;
				GENERATE_INFOPLIST_FILE = YES;
				INFOPLIST_FILE = LifeAlbumBook/Info.plist;
				INFOPLIST_KEY_UIApplicationSupportsIndirectInputEvents = YES;
				INFOPLIST_KEY_UILaunchStoryboardName = LaunchScreen;
				INFOPLIST_KEY_UISupportedInterfaceOrientations = UIInterfaceOrientationPortrait;
				INFOPLIST_KEY_UISupportedInterfaceOrientations_iPad = "UIInterfaceOrientationLandscapeLeft UIInterfaceOrientationLandscapeRight UIInterfaceOrientationPortrait UIInterfaceOrientationPortraitUpsideDown";
				LD_RUNPATH_SEARCH_PATHS = (
					"$(inherited)",
					"@executable_path/Frameworks",
				);
				MARKETING_VERSION = 1.0;
				PRODUCT_BUNDLE_IDENTIFIER = co.khenbo.LifeAlbumBook;
				PRODUCT_NAME = "$(TARGET_NAME)";
				SWIFT_EMIT_LOC_STRINGS = YES;
				SWIFT_VERSION = 5.0;
				TARGETED_DEVICE_FAMILY = "1,2";
			};
			name = Release;
		};
/* End XCBuildConfiguration section */

/* Begin XCConfigurationList section */
		9E0B94E12B2AC4CE00786E48 /* Build configuration list for PBXProject "LifeAlbumBook" */ = {
			isa = XCConfigurationList;
			buildConfigurations = (
				9E0B94F82B2AC4CF00786E48 /* Debug */,
				9E0B94F92B2AC4CF00786E48 /* Release */,
			);
			defaultConfigurationIsVisible = 0;
			defaultConfigurationName = Release;
		};
		9E0B94FA2B2AC4CF00786E48 /* Build configuration list for PBXNativeTarget "LifeAlbumBook" */ = {
			isa = XCConfigurationList;
			buildConfigurations = (
				9E0B94FB2B2AC4CF00786E48 /* Debug */,
				9E0B94FC2B2AC4CF00786E48 /* Release */,
			);
			defaultConfigurationIsVisible = 0;
			defaultConfigurationName = Release;
		};
/* End XCConfigurationList section */

/* Begin XCRemoteSwiftPackageReference section */
		9E0B94FD2B2AC50F00786E48 /* XCRemoteSwiftPackageReference "firebase-ios-sdk" */ = {
			isa = XCRemoteSwiftPackageReference;
			repositoryURL = "https://github.com/firebase/firebase-ios-sdk";
			requirement = {
				kind = upToNextMajorVersion;
				minimumVersion = 10.19.1;
			};
		};
		9E0B95342B2AC52B00786E48 /* XCRemoteSwiftPackageReference "SDWebImage" */ = {
			isa = XCRemoteSwiftPackageReference;
			repositoryURL = "https://github.com/SDWebImage/SDWebImage";
			requirement = {
				kind = upToNextMajorVersion;
				minimumVersion = 5.18.7;
			};
		};
/* End XCRemoteSwiftPackageReference section */

/* Begin XCSwiftPackageProductDependency section */
		9E0B94FE2B2AC50F00786E48 /* FirebaseAnalytics */ = {
			isa = XCSwiftPackageProductDependency;
			package = 9E0B94FD2B2AC50F00786E48 /* XCRemoteSwiftPackageReference "firebase-ios-sdk" */;
			productName = FirebaseAnalytics;
		};
		9E0B95002B2AC50F00786E48 /* FirebaseAnalyticsOnDeviceConversion */ = {
			isa = XCSwiftPackageProductDependency;
			package = 9E0B94FD2B2AC50F00786E48 /* XCRemoteSwiftPackageReference "firebase-ios-sdk" */;
			productName = FirebaseAnalyticsOnDeviceConversion;
		};
		9E0B95022B2AC50F00786E48 /* FirebaseAnalyticsSwift */ = {
			isa = XCSwiftPackageProductDependency;
			package = 9E0B94FD2B2AC50F00786E48 /* XCRemoteSwiftPackageReference "firebase-ios-sdk" */;
			productName = FirebaseAnalyticsSwift;
		};
		9E0B95042B2AC50F00786E48 /* FirebaseAnalyticsWithoutAdIdSupport */ = {
			isa = XCSwiftPackageProductDependency;
			package = 9E0B94FD2B2AC50F00786E48 /* XCRemoteSwiftPackageReference "firebase-ios-sdk" */;
			productName = FirebaseAnalyticsWithoutAdIdSupport;
		};
		9E0B95062B2AC50F00786E48 /* FirebaseAppCheck */ = {
			isa = XCSwiftPackageProductDependency;
			package = 9E0B94FD2B2AC50F00786E48 /* XCRemoteSwiftPackageReference "firebase-ios-sdk" */;
			productName = FirebaseAppCheck;
		};
		9E0B95082B2AC50F00786E48 /* FirebaseAppDistribution-Beta */ = {
			isa = XCSwiftPackageProductDependency;
			package = 9E0B94FD2B2AC50F00786E48 /* XCRemoteSwiftPackageReference "firebase-ios-sdk" */;
			productName = "FirebaseAppDistribution-Beta";
		};
		9E0B950A2B2AC50F00786E48 /* FirebaseAuth */ = {
			isa = XCSwiftPackageProductDependency;
			package = 9E0B94FD2B2AC50F00786E48 /* XCRemoteSwiftPackageReference "firebase-ios-sdk" */;
			productName = FirebaseAuth;
		};
		9E0B950C2B2AC50F00786E48 /* FirebaseAuthCombine-Community */ = {
			isa = XCSwiftPackageProductDependency;
			package = 9E0B94FD2B2AC50F00786E48 /* XCRemoteSwiftPackageReference "firebase-ios-sdk" */;
			productName = "FirebaseAuthCombine-Community";
		};
		9E0B950E2B2AC50F00786E48 /* FirebaseCrashlytics */ = {
			isa = XCSwiftPackageProductDependency;
			package = 9E0B94FD2B2AC50F00786E48 /* XCRemoteSwiftPackageReference "firebase-ios-sdk" */;
			productName = FirebaseCrashlytics;
		};
		9E0B95102B2AC50F00786E48 /* FirebaseDatabase */ = {
			isa = XCSwiftPackageProductDependency;
			package = 9E0B94FD2B2AC50F00786E48 /* XCRemoteSwiftPackageReference "firebase-ios-sdk" */;
			productName = FirebaseDatabase;
		};
		9E0B95122B2AC50F00786E48 /* FirebaseDatabaseSwift */ = {
			isa = XCSwiftPackageProductDependency;
			package = 9E0B94FD2B2AC50F00786E48 /* XCRemoteSwiftPackageReference "firebase-ios-sdk" */;
			productName = FirebaseDatabaseSwift;
		};
		9E0B95142B2AC50F00786E48 /* FirebaseDynamicLinks */ = {
			isa = XCSwiftPackageProductDependency;
			package = 9E0B94FD2B2AC50F00786E48 /* XCRemoteSwiftPackageReference "firebase-ios-sdk" */;
			productName = FirebaseDynamicLinks;
		};
		9E0B95162B2AC50F00786E48 /* FirebaseFirestore */ = {
			isa = XCSwiftPackageProductDependency;
			package = 9E0B94FD2B2AC50F00786E48 /* XCRemoteSwiftPackageReference "firebase-ios-sdk" */;
			productName = FirebaseFirestore;
		};
		9E0B95182B2AC50F00786E48 /* FirebaseFirestoreCombine-Community */ = {
			isa = XCSwiftPackageProductDependency;
			package = 9E0B94FD2B2AC50F00786E48 /* XCRemoteSwiftPackageReference "firebase-ios-sdk" */;
			productName = "FirebaseFirestoreCombine-Community";
		};
		9E0B951A2B2AC50F00786E48 /* FirebaseFirestoreSwift */ = {
			isa = XCSwiftPackageProductDependency;
			package = 9E0B94FD2B2AC50F00786E48 /* XCRemoteSwiftPackageReference "firebase-ios-sdk" */;
			productName = FirebaseFirestoreSwift;
		};
		9E0B951C2B2AC50F00786E48 /* FirebaseFunctions */ = {
			isa = XCSwiftPackageProductDependency;
			package = 9E0B94FD2B2AC50F00786E48 /* XCRemoteSwiftPackageReference "firebase-ios-sdk" */;
			productName = FirebaseFunctions;
		};
		9E0B951E2B2AC50F00786E48 /* FirebaseFunctionsCombine-Community */ = {
			isa = XCSwiftPackageProductDependency;
			package = 9E0B94FD2B2AC50F00786E48 /* XCRemoteSwiftPackageReference "firebase-ios-sdk" */;
			productName = "FirebaseFunctionsCombine-Community";
		};
		9E0B95202B2AC50F00786E48 /* FirebaseInAppMessaging-Beta */ = {
			isa = XCSwiftPackageProductDependency;
			package = 9E0B94FD2B2AC50F00786E48 /* XCRemoteSwiftPackageReference "firebase-ios-sdk" */;
			productName = "FirebaseInAppMessaging-Beta";
		};
		9E0B95222B2AC50F00786E48 /* FirebaseInAppMessagingSwift-Beta */ = {
			isa = XCSwiftPackageProductDependency;
			package = 9E0B94FD2B2AC50F00786E48 /* XCRemoteSwiftPackageReference "firebase-ios-sdk" */;
			productName = "FirebaseInAppMessagingSwift-Beta";
		};
		9E0B95242B2AC50F00786E48 /* FirebaseInstallations */ = {
			isa = XCSwiftPackageProductDependency;
			package = 9E0B94FD2B2AC50F00786E48 /* XCRemoteSwiftPackageReference "firebase-ios-sdk" */;
			productName = FirebaseInstallations;
		};
		9E0B95262B2AC50F00786E48 /* FirebaseMLModelDownloader */ = {
			isa = XCSwiftPackageProductDependency;
			package = 9E0B94FD2B2AC50F00786E48 /* XCRemoteSwiftPackageReference "firebase-ios-sdk" */;
			productName = FirebaseMLModelDownloader;
		};
		9E0B95282B2AC50F00786E48 /* FirebaseMessaging */ = {
			isa = XCSwiftPackageProductDependency;
			package = 9E0B94FD2B2AC50F00786E48 /* XCRemoteSwiftPackageReference "firebase-ios-sdk" */;
			productName = FirebaseMessaging;
		};
		9E0B952A2B2AC50F00786E48 /* FirebasePerformance */ = {
			isa = XCSwiftPackageProductDependency;
			package = 9E0B94FD2B2AC50F00786E48 /* XCRemoteSwiftPackageReference "firebase-ios-sdk" */;
			productName = FirebasePerformance;
		};
		9E0B952C2B2AC50F00786E48 /* FirebaseRemoteConfig */ = {
			isa = XCSwiftPackageProductDependency;
			package = 9E0B94FD2B2AC50F00786E48 /* XCRemoteSwiftPackageReference "firebase-ios-sdk" */;
			productName = FirebaseRemoteConfig;
		};
		9E0B952E2B2AC50F00786E48 /* FirebaseRemoteConfigSwift */ = {
			isa = XCSwiftPackageProductDependency;
			package = 9E0B94FD2B2AC50F00786E48 /* XCRemoteSwiftPackageReference "firebase-ios-sdk" */;
			productName = FirebaseRemoteConfigSwift;
		};
		9E0B95302B2AC50F00786E48 /* FirebaseStorage */ = {
			isa = XCSwiftPackageProductDependency;
			package = 9E0B94FD2B2AC50F00786E48 /* XCRemoteSwiftPackageReference "firebase-ios-sdk" */;
			productName = FirebaseStorage;
		};
		9E0B95322B2AC50F00786E48 /* FirebaseStorageCombine-Community */ = {
			isa = XCSwiftPackageProductDependency;
			package = 9E0B94FD2B2AC50F00786E48 /* XCRemoteSwiftPackageReference "firebase-ios-sdk" */;
			productName = "FirebaseStorageCombine-Community";
		};
		9E0B95352B2AC52B00786E48 /* SDWebImage */ = {
			isa = XCSwiftPackageProductDependency;
			package = 9E0B95342B2AC52B00786E48 /* XCRemoteSwiftPackageReference "SDWebImage" */;
			productName = SDWebImage;
		};
		9E0B95372B2AC52B00786E48 /* SDWebImageMapKit */ = {
			isa = XCSwiftPackageProductDependency;
			package = 9E0B95342B2AC52B00786E48 /* XCRemoteSwiftPackageReference "SDWebImage" */;
			productName = SDWebImageMapKit;
		};
/* End XCSwiftPackageProductDependency section */
	};
	rootObject = 9E0B94DE2B2AC4CE00786E48 /* Project object */;
}
